
Microsoft Visual Studio Solution File, Format Version 12.00
# Visual Studio Version 17
VisualStudioVersion = 17.0.31903.59
MinimumVisualStudioVersion = 10.0.40219.1
Project("{2150E333-8FDC-42A3-9474-1A3956D46DE8}") = "src", "src", "{827E0CD3-B72D-47B6-A68D-7590B98EB39B}"
EndProject
Project("{2150E333-8FDC-42A3-9474-1A3956D46DE8}") = "Services", "Services", "{984BB9B3-3FA3-BE33-9484-CAC21695A33C}"
EndProject
Project("{2150E333-8FDC-42A3-9474-1A3956D46DE8}") = "Shared", "Shared", "{1CF083BF-0A1D-5B5F-37B1-E2F5EFE0303B}"
EndProject
Project("{FAE04EC0-301F-11D3-BF4B-00C04F79EFBC}") = "DataProcessing.Shared", "src\Services\Shared\DataProcessing.Shared.csproj", "{B8DECC7E-2474-4591-B6A9-A8398DFC5051}"
EndProject
Project("{FAE04EC0-301F-11D3-BF4B-00C04F79EFBC}") = "DataProcessing.DataSourceManagement", "src\Services\DataSourceManagementService\DataProcessing.DataSourceManagement.csproj", "{2BAF9F6A-CA3F-449D-A4E3-FC1040B07A21}"
EndProject
Project("{FAE04EC0-301F-11D3-BF4B-00C04F79EFBC}") = "DataProcessing.Scheduling", "src\Services\SchedulingService\DataProcessing.Scheduling.csproj", "{7012A591-922C-4B7F-9A79-3076E2FB9B9B}"
EndProject
Project("{FAE04EC0-301F-11D3-BF4B-00C04F79EFBC}") = "DataProcessing.Validation", "src\Services\ValidationService\DataProcessing.Validation.csproj", "{165C90C1-4A13-4977-B756-1F8AAE225449}"
EndProject
Project("{FAE04EC0-301F-11D3-BF4B-00C04F79EFBC}") = "DataProcessing.Chat", "src\Services\DataSourceChatService\DataProcessing.Chat.csproj", "{C42BADD3-5EA6-4795-9F5B-8C3026E7212C}"
EndProject
Project("{FAE04EC0-301F-11D3-BF4B-00C04F79EFBC}") = "MetricsConfigurationService", "src\Services\MetricsConfigurationService\MetricsConfigurationService.csproj", "{977BEA2F-81C8-4396-9AA7-F59A62661E28}"
EndProject
Project("{FAE04EC0-301F-11D3-BF4B-00C04F79EFBC}") = "InvalidRecordsService", "src\Services\InvalidRecordsService\InvalidRecordsService.csproj", "{F3F13EA0-651D-43D9-9C70-C7DB6C2A2B6B}"
EndProject
Project("{2150E333-8FDC-42A3-9474-1A3956D46DE8}") = "Tools", "Tools", "{8A9C5D14-2E3F-4B8A-9D7E-1F2A3B4C5D6E}"
EndProject
Project("{FAE04EC0-301F-11D3-BF4B-00C04F79EFBC}") = "DemoDataGenerator", "tools\DemoDataGenerator\DemoDataGenerator.csproj", "{D1E2F3A4-B5C6-7D8E-9F0A-1B2C3D4E5F6A}"
EndProject
Project("{FAE04EC0-301F-11D3-BF4B-00C04F79EFBC}") = "ServiceOrchestrator", "tools\ServiceOrchestrator\ServiceOrchestrator.csproj", "{E7F8A9B0-C1D2-3E4F-5A6B-7C8D9E0F1A2B}"
EndProject
Project("{2150E333-8FDC-42A3-9474-1A3956D46DE8}") = "tests", "tests", "{0AB3BF05-4346-4AA6-1389-037BE0695223}"
EndProject
Project("{2150E333-8FDC-42A3-9474-1A3956D46DE8}") = "OutputService.Tests", "OutputService.Tests", "{03259C85-9C6E-9DCC-BF7A-CEE21F6F50F7}"
EndProject
Project("{FAE04EC0-301F-11D3-BF4B-00C04F79EFBC}") = "DataProcessing.Output.Tests", "tests\OutputService.Tests\DataProcessing.Output.Tests.csproj", "{23558373-4ACC-4A8B-A781-515488D003B2}"
EndProject
Project("{2150E333-8FDC-42A3-9474-1A3956D46DE8}") = "OutputService", "OutputService", "{BD5B1FE2-2957-BB58-DB3D-30383B04823A}"
EndProject
Project("{FAE04EC0-301F-11D3-BF4B-00C04F79EFBC}") = "DataProcessing.Output", "src\Services\OutputService\DataProcessing.Output.csproj", "{69A2481C-4FEB-4E7A-A501-DBE6564EC3F5}"
EndProject
Project("{2150E333-8FDC-42A3-9474-1A3956D46DE8}") = "Shared.Tests", "Shared.Tests", "{6D843F49-89D4-DCDD-A5B9-C1BC9839FA21}"
EndProject
Project("{FAE04EC0-301F-11D3-BF4B-00C04F79EFBC}") = "DataProcessing.Shared.Tests", "tests\Shared.Tests\DataProcessing.Shared.Tests.csproj", "{754F8A63-48B1-495C-921A-925F9F77B3B3}"
EndProject
Project("{2150E333-8FDC-42A3-9474-1A3956D46DE8}") = "ValidationService.Tests", "ValidationService.Tests", "{05B81F1E-81D6-3C7F-7258-AE82181EBD86}"
EndProject
Project("{FAE04EC0-301F-11D3-BF4B-00C04F79EFBC}") = "DataProcessing.Validation.Tests", "tests\ValidationService.Tests\DataProcessing.Validation.Tests.csproj", "{96354CBB-F9CD-4DB1-9DAB-C3EBCEFECB39}"
EndProject
Project("{2150E333-8FDC-42A3-9474-1A3956D46DE8}") = "ValidationService", "ValidationService", "{88E10F96-BCAA-8733-32C7-A57A8EE9ABB7}"
EndProject
Project("{2150E333-8FDC-42A3-9474-1A3956D46DE8}") = "IntegrationTests", "IntegrationTests", "{30785934-E017-5D9F-2777-3D61460A5281}"
EndProject
Project("{FAE04EC0-301F-11D3-BF4B-00C04F79EFBC}") = "DataProcessing.IntegrationTests", "tests\IntegrationTests\DataProcessing.IntegrationTests.csproj", "{26A25090-56D8-4958-AC2E-5029462EFDC9}"
EndProject
Global
	GlobalSection(SolutionConfigurationPlatforms) = preSolution
		Debug|Any CPU = Debug|Any CPU
		Debug|x64 = Debug|x64
		Debug|x86 = Debug|x86
		Release|Any CPU = Release|Any CPU
		Release|x64 = Release|x64
		Release|x86 = Release|x86
	EndGlobalSection
	GlobalSection(ProjectConfigurationPlatforms) = postSolution
		{B8DECC7E-2474-4591-B6A9-A8398DFC5051}.Debug|Any CPU.ActiveCfg = Debug|Any CPU
		{B8DECC7E-2474-4591-B6A9-A8398DFC5051}.Debug|Any CPU.Build.0 = Debug|Any CPU
		{B8DECC7E-2474-4591-B6A9-A8398DFC5051}.Debug|x64.ActiveCfg = Debug|Any CPU
		{B8DECC7E-2474-4591-B6A9-A8398DFC5051}.Debug|x64.Build.0 = Debug|Any CPU
		{B8DECC7E-2474-4591-B6A9-A8398DFC5051}.Debug|x86.ActiveCfg = Debug|Any CPU
		{B8DECC7E-2474-4591-B6A9-A8398DFC5051}.Debug|x86.Build.0 = Debug|Any CPU
		{B8DECC7E-2474-4591-B6A9-A8398DFC5051}.Release|Any CPU.ActiveCfg = Release|Any CPU
		{B8DECC7E-2474-4591-B6A9-A8398DFC5051}.Release|Any CPU.Build.0 = Release|Any CPU
		{B8DECC7E-2474-4591-B6A9-A8398DFC5051}.Release|x64.ActiveCfg = Release|Any CPU
		{B8DECC7E-2474-4591-B6A9-A8398DFC5051}.Release|x64.Build.0 = Release|Any CPU
		{B8DECC7E-2474-4591-B6A9-A8398DFC5051}.Release|x86.ActiveCfg = Release|Any CPU
		{B8DECC7E-2474-4591-B6A9-A8398DFC5051}.Release|x86.Build.0 = Release|Any CPU
		{2BAF9F6A-CA3F-449D-A4E3-FC1040B07A21}.Debug|Any CPU.ActiveCfg = Debug|Any CPU
		{2BAF9F6A-CA3F-449D-A4E3-FC1040B07A21}.Debug|Any CPU.Build.0 = Debug|Any CPU
		{2BAF9F6A-CA3F-449D-A4E3-FC1040B07A21}.Debug|x64.ActiveCfg = Debug|Any CPU
		{2BAF9F6A-CA3F-449D-A4E3-FC1040B07A21}.Debug|x64.Build.0 = Debug|Any CPU
		{2BAF9F6A-CA3F-449D-A4E3-FC1040B07A21}.Debug|x86.ActiveCfg = Debug|Any CPU
		{2BAF9F6A-CA3F-449D-A4E3-FC1040B07A21}.Debug|x86.Build.0 = Debug|Any CPU
		{2BAF9F6A-CA3F-449D-A4E3-FC1040B07A21}.Release|Any CPU.ActiveCfg = Release|Any CPU
		{2BAF9F6A-CA3F-449D-A4E3-FC1040B07A21}.Release|Any CPU.Build.0 = Release|Any CPU
		{2BAF9F6A-CA3F-449D-A4E3-FC1040B07A21}.Release|x64.ActiveCfg = Release|Any CPU
		{2BAF9F6A-CA3F-449D-A4E3-FC1040B07A21}.Release|x64.Build.0 = Release|Any CPU
		{2BAF9F6A-CA3F-449D-A4E3-FC1040B07A21}.Release|x86.ActiveCfg = Release|Any CPU
		{2BAF9F6A-CA3F-449D-A4E3-FC1040B07A21}.Release|x86.Build.0 = Release|Any CPU
		{7012A591-922C-4B7F-9A79-3076E2FB9B9B}.Debug|Any CPU.ActiveCfg = Debug|Any CPU
		{7012A591-922C-4B7F-9A79-3076E2FB9B9B}.Debug|Any CPU.Build.0 = Debug|Any CPU
		{7012A591-922C-4B7F-9A79-3076E2FB9B9B}.Debug|x64.ActiveCfg = Debug|Any CPU
		{7012A591-922C-4B7F-9A79-3076E2FB9B9B}.Debug|x64.Build.0 = Debug|Any CPU
		{7012A591-922C-4B7F-9A79-3076E2FB9B9B}.Debug|x86.ActiveCfg = Debug|Any CPU
		{7012A591-922C-4B7F-9A79-3076E2FB9B9B}.Debug|x86.Build.0 = Debug|Any CPU
		{7012A591-922C-4B7F-9A79-3076E2FB9B9B}.Release|Any CPU.ActiveCfg = Release|Any CPU
		{7012A591-922C-4B7F-9A79-3076E2FB9B9B}.Release|Any CPU.Build.0 = Release|Any CPU
		{7012A591-922C-4B7F-9A79-3076E2FB9B9B}.Release|x64.ActiveCfg = Release|Any CPU
		{7012A591-922C-4B7F-9A79-3076E2FB9B9B}.Release|x64.Build.0 = Release|Any CPU
		{7012A591-922C-4B7F-9A79-3076E2FB9B9B}.Release|x86.ActiveCfg = Release|Any CPU
		{7012A591-922C-4B7F-9A79-3076E2FB9B9B}.Release|x86.Build.0 = Release|Any CPU
		{165C90C1-4A13-4977-B756-1F8AAE225449}.Debug|Any CPU.ActiveCfg = Debug|Any CPU
		{165C90C1-4A13-4977-B756-1F8AAE225449}.Debug|Any CPU.Build.0 = Debug|Any CPU
		{165C90C1-4A13-4977-B756-1F8AAE225449}.Debug|x64.ActiveCfg = Debug|Any CPU
		{165C90C1-4A13-4977-B756-1F8AAE225449}.Debug|x64.Build.0 = Debug|Any CPU
		{165C90C1-4A13-4977-B756-1F8AAE225449}.Debug|x86.ActiveCfg = Debug|Any CPU
		{165C90C1-4A13-4977-B756-1F8AAE225449}.Debug|x86.Build.0 = Debug|Any CPU
		{165C90C1-4A13-4977-B756-1F8AAE225449}.Release|Any CPU.ActiveCfg = Release|Any CPU
		{165C90C1-4A13-4977-B756-1F8AAE225449}.Release|Any CPU.Build.0 = Release|Any CPU
		{165C90C1-4A13-4977-B756-1F8AAE225449}.Release|x64.ActiveCfg = Release|Any CPU
		{165C90C1-4A13-4977-B756-1F8AAE225449}.Release|x64.Build.0 = Release|Any CPU
		{165C90C1-4A13-4977-B756-1F8AAE225449}.Release|x86.ActiveCfg = Release|Any CPU
		{165C90C1-4A13-4977-B756-1F8AAE225449}.Release|x86.Build.0 = Release|Any CPU
		{C42BADD3-5EA6-4795-9F5B-8C3026E7212C}.Debug|Any CPU.ActiveCfg = Debug|Any CPU
		{C42BADD3-5EA6-4795-9F5B-8C3026E7212C}.Debug|Any CPU.Build.0 = Debug|Any CPU
		{C42BADD3-5EA6-4795-9F5B-8C3026E7212C}.Debug|x64.ActiveCfg = Debug|Any CPU
		{C42BADD3-5EA6-4795-9F5B-8C3026E7212C}.Debug|x64.Build.0 = Debug|Any CPU
		{C42BADD3-5EA6-4795-9F5B-8C3026E7212C}.Debug|x86.ActiveCfg = Debug|Any CPU
		{C42BADD3-5EA6-4795-9F5B-8C3026E7212C}.Debug|x86.Build.0 = Debug|Any CPU
		{C42BADD3-5EA6-4795-9F5B-8C3026E7212C}.Release|Any CPU.ActiveCfg = Release|Any CPU
		{C42BADD3-5EA6-4795-9F5B-8C3026E7212C}.Release|Any CPU.Build.0 = Release|Any CPU
		{C42BADD3-5EA6-4795-9F5B-8C3026E7212C}.Release|x64.ActiveCfg = Release|Any CPU
		{C42BADD3-5EA6-4795-9F5B-8C3026E7212C}.Release|x64.Build.0 = Release|Any CPU
		{C42BADD3-5EA6-4795-9F5B-8C3026E7212C}.Release|x86.ActiveCfg = Release|Any CPU
		{C42BADD3-5EA6-4795-9F5B-8C3026E7212C}.Release|x86.Build.0 = Release|Any CPU
		{977BEA2F-81C8-4396-9AA7-F59A62661E28}.Debug|Any CPU.ActiveCfg = Debug|Any CPU
		{977BEA2F-81C8-4396-9AA7-F59A62661E28}.Debug|Any CPU.Build.0 = Debug|Any CPU
		{977BEA2F-81C8-4396-9AA7-F59A62661E28}.Debug|x64.ActiveCfg = Debug|Any CPU
		{977BEA2F-81C8-4396-9AA7-F59A62661E28}.Debug|x64.Build.0 = Debug|Any CPU
		{977BEA2F-81C8-4396-9AA7-F59A62661E28}.Debug|x86.ActiveCfg = Debug|Any CPU
		{977BEA2F-81C8-4396-9AA7-F59A62661E28}.Debug|x86.Build.0 = Debug|Any CPU
		{977BEA2F-81C8-4396-9AA7-F59A62661E28}.Release|Any CPU.ActiveCfg = Release|Any CPU
		{977BEA2F-81C8-4396-9AA7-F59A62661E28}.Release|Any CPU.Build.0 = Release|Any CPU
		{977BEA2F-81C8-4396-9AA7-F59A62661E28}.Release|x64.ActiveCfg = Release|Any CPU
		{977BEA2F-81C8-4396-9AA7-F59A62661E28}.Release|x64.Build.0 = Release|Any CPU
		{977BEA2F-81C8-4396-9AA7-F59A62661E28}.Release|x86.ActiveCfg = Release|Any CPU
		{977BEA2F-81C8-4396-9AA7-F59A62661E28}.Release|x86.Build.0 = Release|Any CPU
		{F3F13EA0-651D-43D9-9C70-C7DB6C2A2B6B}.Debug|Any CPU.ActiveCfg = Debug|Any CPU
		{F3F13EA0-651D-43D9-9C70-C7DB6C2A2B6B}.Debug|Any CPU.Build.0 = Debug|Any CPU
		{F3F13EA0-651D-43D9-9C70-C7DB6C2A2B6B}.Debug|x64.ActiveCfg = Debug|Any CPU
		{F3F13EA0-651D-43D9-9C70-C7DB6C2A2B6B}.Debug|x64.Build.0 = Debug|Any CPU
		{F3F13EA0-651D-43D9-9C70-C7DB6C2A2B6B}.Debug|x86.ActiveCfg = Debug|Any CPU
		{F3F13EA0-651D-43D9-9C70-C7DB6C2A2B6B}.Debug|x86.Build.0 = Debug|Any CPU
		{F3F13EA0-651D-43D9-9C70-C7DB6C2A2B6B}.Release|Any CPU.ActiveCfg = Release|Any CPU
		{F3F13EA0-651D-43D9-9C70-C7DB6C2A2B6B}.Release|Any CPU.Build.0 = Release|Any CPU
		{F3F13EA0-651D-43D9-9C70-C7DB6C2A2B6B}.Release|x64.ActiveCfg = Release|Any CPU
		{F3F13EA0-651D-43D9-9C70-C7DB6C2A2B6B}.Release|x64.Build.0 = Release|Any CPU
		{F3F13EA0-651D-43D9-9C70-C7DB6C2A2B6B}.Release|x86.ActiveCfg = Release|Any CPU
		{F3F13EA0-651D-43D9-9C70-C7DB6C2A2B6B}.Release|x86.Build.0 = Release|Any CPU
		{D1E2F3A4-B5C6-7D8E-9F0A-1B2C3D4E5F6A}.Debug|Any CPU.ActiveCfg = Debug|Any CPU
		{D1E2F3A4-B5C6-7D8E-9F0A-1B2C3D4E5F6A}.Debug|Any CPU.Build.0 = Debug|Any CPU
		{D1E2F3A4-B5C6-7D8E-9F0A-1B2C3D4E5F6A}.Debug|x64.ActiveCfg = Debug|Any CPU
		{D1E2F3A4-B5C6-7D8E-9F0A-1B2C3D4E5F6A}.Debug|x64.Build.0 = Debug|Any CPU
		{D1E2F3A4-B5C6-7D8E-9F0A-1B2C3D4E5F6A}.Debug|x86.ActiveCfg = Debug|Any CPU
		{D1E2F3A4-B5C6-7D8E-9F0A-1B2C3D4E5F6A}.Debug|x86.Build.0 = Debug|Any CPU
		{D1E2F3A4-B5C6-7D8E-9F0A-1B2C3D4E5F6A}.Release|Any CPU.ActiveCfg = Release|Any CPU
		{D1E2F3A4-B5C6-7D8E-9F0A-1B2C3D4E5F6A}.Release|Any CPU.Build.0 = Release|Any CPU
		{D1E2F3A4-B5C6-7D8E-9F0A-1B2C3D4E5F6A}.Release|x64.ActiveCfg = Release|Any CPU
		{D1E2F3A4-B5C6-7D8E-9F0A-1B2C3D4E5F6A}.Release|x64.Build.0 = Release|Any CPU
		{D1E2F3A4-B5C6-7D8E-9F0A-1B2C3D4E5F6A}.Release|x86.ActiveCfg = Release|Any CPU
		{D1E2F3A4-B5C6-7D8E-9F0A-1B2C3D4E5F6A}.Release|x86.Build.0 = Release|Any CPU
		{E7F8A9B0-C1D2-3E4F-5A6B-7C8D9E0F1A2B}.Debug|Any CPU.ActiveCfg = Debug|Any CPU
		{E7F8A9B0-C1D2-3E4F-5A6B-7C8D9E0F1A2B}.Debug|Any CPU.Build.0 = Debug|Any CPU
		{E7F8A9B0-C1D2-3E4F-5A6B-7C8D9E0F1A2B}.Debug|x64.ActiveCfg = Debug|Any CPU
		{E7F8A9B0-C1D2-3E4F-5A6B-7C8D9E0F1A2B}.Debug|x64.Build.0 = Debug|Any CPU
		{E7F8A9B0-C1D2-3E4F-5A6B-7C8D9E0F1A2B}.Debug|x86.ActiveCfg = Debug|Any CPU
		{E7F8A9B0-C1D2-3E4F-5A6B-7C8D9E0F1A2B}.Debug|x86.Build.0 = Debug|Any CPU
		{E7F8A9B0-C1D2-3E4F-5A6B-7C8D9E0F1A2B}.Release|Any CPU.ActiveCfg = Release|Any CPU
		{E7F8A9B0-C1D2-3E4F-5A6B-7C8D9E0F1A2B}.Release|Any CPU.Build.0 = Release|Any CPU
		{E7F8A9B0-C1D2-3E4F-5A6B-7C8D9E0F1A2B}.Release|x64.ActiveCfg = Release|Any CPU
		{E7F8A9B0-C1D2-3E4F-5A6B-7C8D9E0F1A2B}.Release|x64.Build.0 = Release|Any CPU
		{E7F8A9B0-C1D2-3E4F-5A6B-7C8D9E0F1A2B}.Release|x86.ActiveCfg = Release|Any CPU
		{E7F8A9B0-C1D2-3E4F-5A6B-7C8D9E0F1A2B}.Release|x86.Build.0 = Release|Any CPU
		{23558373-4ACC-4A8B-A781-515488D003B2}.Debug|Any CPU.ActiveCfg = Debug|Any CPU
		{23558373-4ACC-4A8B-A781-515488D003B2}.Debug|Any CPU.Build.0 = Debug|Any CPU
		{23558373-4ACC-4A8B-A781-515488D003B2}.Debug|x64.ActiveCfg = Debug|Any CPU
		{23558373-4ACC-4A8B-A781-515488D003B2}.Debug|x64.Build.0 = Debug|Any CPU
		{23558373-4ACC-4A8B-A781-515488D003B2}.Debug|x86.ActiveCfg = Debug|Any CPU
		{23558373-4ACC-4A8B-A781-515488D003B2}.Debug|x86.Build.0 = Debug|Any CPU
		{23558373-4ACC-4A8B-A781-515488D003B2}.Release|Any CPU.ActiveCfg = Release|Any CPU
		{23558373-4ACC-4A8B-A781-515488D003B2}.Release|Any CPU.Build.0 = Release|Any CPU
		{23558373-4ACC-4A8B-A781-515488D003B2}.Release|x64.ActiveCfg = Release|Any CPU
		{23558373-4ACC-4A8B-A781-515488D003B2}.Release|x64.Build.0 = Release|Any CPU
		{23558373-4ACC-4A8B-A781-515488D003B2}.Release|x86.ActiveCfg = Release|Any CPU
		{23558373-4ACC-4A8B-A781-515488D003B2}.Release|x86.Build.0 = Release|Any CPU
		{69A2481C-4FEB-4E7A-A501-DBE6564EC3F5}.Debug|Any CPU.ActiveCfg = Debug|Any CPU
		{69A2481C-4FEB-4E7A-A501-DBE6564EC3F5}.Debug|Any CPU.Build.0 = Debug|Any CPU
		{69A2481C-4FEB-4E7A-A501-DBE6564EC3F5}.Debug|x64.ActiveCfg = Debug|Any CPU
		{69A2481C-4FEB-4E7A-A501-DBE6564EC3F5}.Debug|x64.Build.0 = Debug|Any CPU
		{69A2481C-4FEB-4E7A-A501-DBE6564EC3F5}.Debug|x86.ActiveCfg = Debug|Any CPU
		{69A2481C-4FEB-4E7A-A501-DBE6564EC3F5}.Debug|x86.Build.0 = Debug|Any CPU
		{69A2481C-4FEB-4E7A-A501-DBE6564EC3F5}.Release|Any CPU.ActiveCfg = Release|Any CPU
		{69A2481C-4FEB-4E7A-A501-DBE6564EC3F5}.Release|Any CPU.Build.0 = Release|Any CPU
		{69A2481C-4FEB-4E7A-A501-DBE6564EC3F5}.Release|x64.ActiveCfg = Release|Any CPU
		{69A2481C-4FEB-4E7A-A501-DBE6564EC3F5}.Release|x64.Build.0 = Release|Any CPU
		{69A2481C-4FEB-4E7A-A501-DBE6564EC3F5}.Release|x86.ActiveCfg = Release|Any CPU
		{69A2481C-4FEB-4E7A-A501-DBE6564EC3F5}.Release|x86.Build.0 = Release|Any CPU
		{754F8A63-48B1-495C-921A-925F9F77B3B3}.Debug|Any CPU.ActiveCfg = Debug|Any CPU
		{754F8A63-48B1-495C-921A-925F9F77B3B3}.Debug|Any CPU.Build.0 = Debug|Any CPU
		{754F8A63-48B1-495C-921A-925F9F77B3B3}.Debug|x64.ActiveCfg = Debug|Any CPU
		{754F8A63-48B1-495C-921A-925F9F77B3B3}.Debug|x64.Build.0 = Debug|Any CPU
		{754F8A63-48B1-495C-921A-925F9F77B3B3}.Debug|x86.ActiveCfg = Debug|Any CPU
		{754F8A63-48B1-495C-921A-925F9F77B3B3}.Debug|x86.Build.0 = Debug|Any CPU
		{754F8A63-48B1-495C-921A-925F9F77B3B3}.Release|Any CPU.ActiveCfg = Release|Any CPU
		{754F8A63-48B1-495C-921A-925F9F77B3B3}.Release|Any CPU.Build.0 = Release|Any CPU
		{754F8A63-48B1-495C-921A-925F9F77B3B3}.Release|x64.ActiveCfg = Release|Any CPU
		{754F8A63-48B1-495C-921A-925F9F77B3B3}.Release|x64.Build.0 = Release|Any CPU
		{754F8A63-48B1-495C-921A-925F9F77B3B3}.Release|x86.ActiveCfg = Release|Any CPU
		{754F8A63-48B1-495C-921A-925F9F77B3B3}.Release|x86.Build.0 = Release|Any CPU
		{96354CBB-F9CD-4DB1-9DAB-C3EBCEFECB39}.Debug|Any CPU.ActiveCfg = Debug|Any CPU
		{96354CBB-F9CD-4DB1-9DAB-C3EBCEFECB39}.Debug|Any CPU.Build.0 = Debug|Any CPU
		{96354CBB-F9CD-4DB1-9DAB-C3EBCEFECB39}.Debug|x64.ActiveCfg = Debug|Any CPU
		{96354CBB-F9CD-4DB1-9DAB-C3EBCEFECB39}.Debug|x64.Build.0 = Debug|Any CPU
		{96354CBB-F9CD-4DB1-9DAB-C3EBCEFECB39}.Debug|x86.ActiveCfg = Debug|Any CPU
		{96354CBB-F9CD-4DB1-9DAB-C3EBCEFECB39}.Debug|x86.Build.0 = Debug|Any CPU
		{96354CBB-F9CD-4DB1-9DAB-C3EBCEFECB39}.Release|Any CPU.ActiveCfg = Release|Any CPU
		{96354CBB-F9CD-4DB1-9DAB-C3EBCEFECB39}.Release|Any CPU.Build.0 = Release|Any CPU
		{96354CBB-F9CD-4DB1-9DAB-C3EBCEFECB39}.Release|x64.ActiveCfg = Release|Any CPU
		{96354CBB-F9CD-4DB1-9DAB-C3EBCEFECB39}.Release|x64.Build.0 = Release|Any CPU
		{96354CBB-F9CD-4DB1-9DAB-C3EBCEFECB39}.Release|x86.ActiveCfg = Release|Any CPU
		{96354CBB-F9CD-4DB1-9DAB-C3EBCEFECB39}.Release|x86.Build.0 = Release|Any CPU
		{26A25090-56D8-4958-AC2E-5029462EFDC9}.Debug|Any CPU.ActiveCfg = Debug|Any CPU
		{26A25090-56D8-4958-AC2E-5029462EFDC9}.Debug|Any CPU.Build.0 = Debug|Any CPU
		{26A25090-56D8-4958-AC2E-5029462EFDC9}.Debug|x64.ActiveCfg = Debug|Any CPU
		{26A25090-56D8-4958-AC2E-5029462EFDC9}.Debug|x64.Build.0 = Debug|Any CPU
		{26A25090-56D8-4958-AC2E-5029462EFDC9}.Debug|x86.ActiveCfg = Debug|Any CPU
		{26A25090-56D8-4958-AC2E-5029462EFDC9}.Debug|x86.Build.0 = Debug|Any CPU
		{26A25090-56D8-4958-AC2E-5029462EFDC9}.Release|Any CPU.ActiveCfg = Release|Any CPU
		{26A25090-56D8-4958-AC2E-5029462EFDC9}.Release|Any CPU.Build.0 = Release|Any CPU
		{26A25090-56D8-4958-AC2E-5029462EFDC9}.Release|x64.ActiveCfg = Release|Any CPU
		{26A25090-56D8-4958-AC2E-5029462EFDC9}.Release|x64.Build.0 = Release|Any CPU
		{26A25090-56D8-4958-AC2E-5029462EFDC9}.Release|x86.ActiveCfg = Release|Any CPU
		{26A25090-56D8-4958-AC2E-5029462EFDC9}.Release|x86.Build.0 = Release|Any CPU
	EndGlobalSection
	GlobalSection(SolutionProperties) = preSolution
		HideSolutionNode = FALSE
	EndGlobalSection
	GlobalSection(NestedProjects) = preSolution
		{984BB9B3-3FA3-BE33-9484-CAC21695A33C} = {827E0CD3-B72D-47B6-A68D-7590B98EB39B}
		{1CF083BF-0A1D-5B5F-37B1-E2F5EFE0303B} = {984BB9B3-3FA3-BE33-9484-CAC21695A33C}
		{B8DECC7E-2474-4591-B6A9-A8398DFC5051} = {1CF083BF-0A1D-5B5F-37B1-E2F5EFE0303B}
		{2BAF9F6A-CA3F-449D-A4E3-FC1040B07A21} = {1CF083BF-0A1D-5B5F-37B1-E2F5EFE0303B}
		{7012A591-922C-4B7F-9A79-3076E2FB9B9B} = {1CF083BF-0A1D-5B5F-37B1-E2F5EFE0303B}
		{165C90C1-4A13-4977-B756-1F8AAE225449} = {1CF083BF-0A1D-5B5F-37B1-E2F5EFE0303B}
		{C42BADD3-5EA6-4795-9F5B-8C3026E7212C} = {1CF083BF-0A1D-5B5F-37B1-E2F5EFE0303B}
		{977BEA2F-81C8-4396-9AA7-F59A62661E28} = {984BB9B3-3FA3-BE33-9484-CAC21695A33C}
		{F3F13EA0-651D-43D9-9C70-C7DB6C2A2B6B} = {984BB9B3-3FA3-BE33-9484-CAC21695A33C}
		{D1E2F3A4-B5C6-7D8E-9F0A-1B2C3D4E5F6A} = {8A9C5D14-2E3F-4B8A-9D7E-1F2A3B4C5D6E}
		{E7F8A9B0-C1D2-3E4F-5A6B-7C8D9E0F1A2B} = {8A9C5D14-2E3F-4B8A-9D7E-1F2A3B4C5D6E}
		{03259C85-9C6E-9DCC-BF7A-CEE21F6F50F7} = {0AB3BF05-4346-4AA6-1389-037BE0695223}
		{23558373-4ACC-4A8B-A781-515488D003B2} = {03259C85-9C6E-9DCC-BF7A-CEE21F6F50F7}
		{BD5B1FE2-2957-BB58-DB3D-30383B04823A} = {984BB9B3-3FA3-BE33-9484-CAC21695A33C}
		{69A2481C-4FEB-4E7A-A501-DBE6564EC3F5} = {BD5B1FE2-2957-BB58-DB3D-30383B04823A}
		{6D843F49-89D4-DCDD-A5B9-C1BC9839FA21} = {0AB3BF05-4346-4AA6-1389-037BE0695223}
		{754F8A63-48B1-495C-921A-925F9F77B3B3} = {6D843F49-89D4-DCDD-A5B9-C1BC9839FA21}
		{05B81F1E-81D6-3C7F-7258-AE82181EBD86} = {0AB3BF05-4346-4AA6-1389-037BE0695223}
		{96354CBB-F9CD-4DB1-9DAB-C3EBCEFECB39} = {05B81F1E-81D6-3C7F-7258-AE82181EBD86}
		{88E10F96-BCAA-8733-32C7-A57A8EE9ABB7} = {984BB9B3-3FA3-BE33-9484-CAC21695A33C}
		{30785934-E017-5D9F-2777-3D61460A5281} = {0AB3BF05-4346-4AA6-1389-037BE0695223}
		{26A25090-56D8-4958-AC2E-5029462EFDC9} = {30785934-E017-5D9F-2777-3D61460A5281}
	EndGlobalSection
EndGlobal
